// !$*UTF8*$!
{
	archiveVersion = 1;
	classes = {
	};
	objectVersion = 90;
	objects = {

/* Begin PBXContainerItemProxy section */
		3F215C612F578B21000684D1 /* PBXContainerItemProxy */ = {
			isa = PBXContainerItemProxy;
			containerPortal = 3F215C492F578B20000684D1 /* Project object */;
			proxyType = 1;
			remoteGlobalIDString = 3F215C502F578B20000684D1;
			remoteInfo = Beeflight;
		};
		3F215C6B2F578B21000684D1 /* PBXContainerItemProxy */ = {
			isa = PBXContainerItemProxy;
			containerPortal = 3F215C492F578B20000684D1 /* Project object */;
			proxyType = 1;
			remoteGlobalIDString = 3F215C502F578B20000684D1;
			remoteInfo = Beeflight;
		};
/* End PBXContainerItemProxy section */

/* Begin PBXFileReference section */
		3F215C512F578B20000684D1 /* Beeflight.app */ = {isa = PBXFileReference; explicitFileType = wrapper.application; includeInIndex = 0; path = Beeflight.app; sourceTree = BUILT_PRODUCTS_DIR; };
		3F215C602F578B21000684D1 /* BeeflightTests.xctest */ = {isa = PBXFileReference; explicitFileType = wrapper.cfbundle; includeInIndex = 0; path = BeeflightTests.xctest; sourceTree = BUILT_PRODUCTS_DIR; };
		3F215C6A2F578B21000684D1 /* BeeflightUITests.xctest */ = {isa = PBXFileReference; explicitFileType = wrapper.cfbundle; includeInIndex = 0; path = BeeflightUITests.xctest; sourceTree = BUILT_PRODUCTS_DIR; };
/* End PBXFileReference section */

/* Begin PBXFileSystemSynchronizedRootGroup section */
		3F215C532F578B20000684D1 /* Beeflight */ = {
			isa = PBXFileSystemSynchronizedRootGroup;
			path = Beeflight;
			sourceTree = "<group>";
		};
		3F215C632F578B21000684D1 /* BeeflightTests */ = {
			isa = PBXFileSystemSynchronizedRootGroup;
			path = BeeflightTests;
			sourceTree = "<group>";
		};
		3F215C6D2F578B21000684D1 /* BeeflightUITests */ = {
			isa = PBXFileSystemSynchronizedRootGroup;
			path = BeeflightUITests;
			sourceTree = "<group>";
		};
/* End PBXFileSystemSynchronizedRootGroup section */

/* Begin PBXFrameworksBuildPhase section */
		3F215C4E2F578B20000684D1 /* Frameworks */ = {
			isa = PBXFrameworksBuildPhase;
			files = (
			);
		};
		3F215C5D2F578B21000684D1 /* Frameworks */ = {
			isa = PBXFrameworksBuildPhase;
			files = (
			);
		};
		3F215C672F578B21000684D1 /* Frameworks */ = {
			isa = PBXFrameworksBuildPhase;
			files = (
			);
		};
/* End PBXFrameworksBuildPhase section */

/* Begin PBXGroup section */
		3F215C482F578B20000684D1 = {
			isa = PBXGroup;
			children = (
				3F215C532F578B20000684D1 /* Beeflight */,
				3F215C632F578B21000684D1 /* BeeflightTests */,
				3F215C6D2F578B21000684D1 /* BeeflightUITests */,
				3F215C522F578B20000684D1 /* Products */,
			);
			sourceTree = "<group>";
		};
		3F215C522F578B20000684D1 /* Products */ = {
			isa = PBXGroup;
			children = (
				3F215C512F578B20000684D1 /* Beeflight.app */,
				3F215C602F578B21000684D1 /* BeeflightTests.xctest */,
				3F215C6A2F578B21000684D1 /* BeeflightUITests.xctest */,
			);
			name = Products;
			sourceTree = "<group>";
		};
/* End PBXGroup section */

/* Begin PBXNativeTarget section */
		3F215C502F578B20000684D1 /* Beeflight */ = {
			isa = PBXNativeTarget;
			buildConfigurationList = 3F215C742F578B21000684D1 /* Build configuration list for PBXNativeTarget "Beeflight" */;
			buildPhases = (
				3F215C4D2F578B20000684D1 /* Sources */,
				3F215C4E2F578B20000684D1 /* Frameworks */,
				3F215C4F2F578B20000684D1 /* Resources */,
			);
			buildRules = (
			);
			fileSystemSynchronizedGroups = (
				3F215C532F578B20000684D1 /* Beeflight */,
			);
			name = Beeflight;
			productName = Beeflight;
			productReference = 3F215C512F578B20000684D1 /* Beeflight.app */;
			productType = "com.apple.product-type.application";
		};
		3F215C5F2F578B21000684D1 /* BeeflightTests */ = {
			isa = PBXNativeTarget;
			buildConfigurationList = 3F215C772F578B21000684D1 /* Build configuration list for PBXNativeTarget "BeeflightTests" */;
			buildPhases = (
				3F215C5C2F578B21000684D1 /* Sources */,
				3F215C5D2F578B21000684D1 /* Frameworks */,
				3F215C5E2F578B21000684D1 /* Resources */,
			);
			buildRules = (
			);
			dependencies = (
				3F215C622F578B21000684D1 /* PBXTargetDependency */,
			);
			fileSystemSynchronizedGroups = (
				3F215C632F578B21000684D1 /* BeeflightTests */,
			);
			name = BeeflightTests;
			productName = BeeflightTests;
			productReference = 3F215C602F578B21000684D1 /* BeeflightTests.xctest */;
			productType = "com.apple.product-type.bundle.unit-test";
		};
		3F215C692F578B21000684D1 /* BeeflightUITests */ = {
			isa = PBXNativeTarget;
			buildConfigurationList = 3F215C7A2F578B21000684D1 /* Build configuration list for PBXNativeTarget "BeeflightUITests" */;
			buildPhases = (
				3F215C662F578B21000684D1 /* Sources */,
				3F215C672F578B21000684D1 /* Frameworks */,
				3F215C682F578B21000684D1 /* Resources */,
			);
			buildRules = (
			);
			dependencies = (
				3F215C6C2F578B21000684D1 /* PBXTargetDependency */,
			);
			fileSystemSynchronizedGroups = (
				3F215C6D2F578B21000684D1 /* BeeflightUITests */,
			);
			name = BeeflightUITests;
			productName = BeeflightUITests;
			productReference = 3F215C6A2F578B21000684D1 /* BeeflightUITests.xctest */;
			productType = "com.apple.product-type.bundle.ui-testing";
		};
/* End PBXNativeTarget section */

/* Begin PBXProject section */
		3F215C492F578B20000684D1 /* Project object */ = {
			isa = PBXProject;
			attributes = {
				BuildIndependentTargetsInParallel = 1;
				LastSwiftUpdateCheck = 2630;
				LastUpgradeCheck = 2630;
				TargetAttributes = {
					3F215C502F578B20000684D1 = {
						CreatedOnToolsVersion = 26.3;
					};
					3F215C5F2F578B21000684D1 = {
						CreatedOnToolsVersion = 26.3;
						TestTargetID = 3F215C502F578B20000684D1;
					};
					3F215C692F578B21000684D1 = {
						CreatedOnToolsVersion = 26.3;
						TestTargetID = 3F215C502F578B20000684D1;
					};
				};
			};
			buildConfigurationList = 3F215C4C2F578B20000684D1 /* Build configuration list for PBXProject "Beeflight" */;
			developmentRegion = en;
			hasScannedForEncodings = 0;
			knownRegions = (
				en,
				Base,
			);
			mainGroup = 3F215C482F578B20000684D1;
			minimizedProjectReferenceProxies = 1;
			preferredProjectObjectVersion = 90;
			productRefGroup = 3F215C522F578B20000684D1 /* Products */;
			projectDirPath = "";
			projectRoot = "";
			targets = (
				3F215C502F578B20000684D1 /* Beeflight */,
				3F215C5F2F578B21000684D1 /* BeeflightTests */,
				3F215C692F578B21000684D1 /* BeeflightUITests */,
			);
		};
/* End PBXProject section */

/* Begin PBXResourcesBuildPhase section */
		3F215C4F2F578B20000684D1 /* Resources */ = {
			isa = PBXResourcesBuildPhase;
			files = (
			);
		};
		3F215C5E2F578B21000684D1 /* Resources */ = {
			isa = PBXResourcesBuildPhase;
			files = (
			);
		};
		3F215C682F578B21000684D1 /* Resources */ = {
			isa = PBXResourcesBuildPhase;
			files = (
			);
		};
/* End PBXResourcesBuildPhase section */

/* Begin PBXSourcesBuildPhase section */
		3F215C4D2F578B20000684D1 /* Sources */ = {
			isa = PBXSourcesBuildPhase;
			files = (
			);
		};
		3F215C5C2F578B21000684D1 /* Sources */ = {
			isa = PBXSourcesBuildPhase;
			files = (
			);
		};
		3F215C662F578B21000684D1 /* Sources */ = {
			isa = PBXSourcesBuildPhase;
			files = (
			);
		};
/* End PBXSourcesBuildPhase section */

/* Begin PBXTargetDependency section */
		3F215C622F578B21000684D1 /* PBXTargetDependency */ = {
			isa = PBXTargetDependency;
			target = 3F215C502F578B20000684D1 /* Beeflight */;
			targetProxy = 3F215C612F578B21000684D1 /* PBXContainerItemProxy */;
		};
		3F215C6C2F578B21000684D1 /* PBXTargetDependency */ = {
			isa = PBXTargetDependency;
			target = 3F215C502F578B20000684D1 /* Beeflight */;
			targetProxy = 3F215C6B2F578B21000684D1 /* PBXContainerItemProxy */;
		};
/* End PBXTargetDependency section */

/* Begin XCBuildConfiguration section */
		3F215C722F578B21000684D1 /* Debug configuration for PBXProject "Beeflight" */ = {
			isa = XCBuildConfiguration;
			buildSettings = {
				ALWAYS_SEARCH_USER_PATHS = NO;
				ASSETCATALOG_COMPILER_GENERATE_SWIFT_ASSET_SYMBOL_EXTENSIONS = YES;
				CLANG_ANALYZER_NONNULL = YES;
				CLANG_ANALYZER_NUMBER_OBJECT_CONVERSION = YES_AGGRESSIVE;
				CLANG_CXX_LANGUAGE_STANDARD = "gnu++20";
				CLANG_ENABLE_MODULES = YES;
				CLANG_ENABLE_OBJC_ARC = YES;
				CLANG_ENABLE_OBJC_WEAK = YES;
				CLANG_WARN_BLOCK_CAPTURE_AUTORELEASING = YES;
				CLANG_WARN_BOOL_CONVERSION = YES;
				CLANG_WARN_COMMA = YES;
				CLANG_WARN_CONSTANT_CONVERSION = YES;
				CLANG_WARN_DEPRECATED_OBJC_IMPLEMENTATIONS = YES;
				CLANG_WARN_DIRECT_OBJC_ISA_USAGE = YES_ERROR;
				CLANG_WARN_DOCUMENTATION_COMMENTS = YES;
				CLANG_WARN_EMPTY_BODY = YES;
				CLANG_WARN_ENUM_CONVERSION = YES;
				CLANG_WARN_INFINITE_RECURSION = YES;
				CLANG_WARN_INT_CONVERSION = YES;
				CLANG_WARN_NON_LITERAL_NULL_CONVERSION = YES;
				CLANG_WARN_OBJC_IMPLICIT_RETAIN_SELF = YES;
				CLANG_WARN_OBJC_LITERAL_CONVERSION = YES;
				CLANG_WARN_OBJC_ROOT_CLASS = YES_ERROR;
				CLANG_WARN_QUOTED_INCLUDE_IN_FRAMEWORK_HEADER = YES;
				CLANG_WARN_RANGE_LOOP_ANALYSIS = YES;
				CLANG_WARN_STRICT_PROTOTYPES = YES;
				CLANG_WARN_SUSPICIOUS_MOVE = YES;
				CLANG_WARN_UNGUARDED_AVAILABILITY = YES_AGGRESSIVE;
				CLANG_WARN_UNREACHABLE_CODE = YES;
				CLANG_WARN__DUPLICATE_METHOD_MATCH = YES;
				COPY_PHASE_STRIP = NO;
				DEBUG_INFORMATION_FORMAT = dwarf;
				DEVELOPMENT_TEAM = QQ2W7FVVXM;
				ENABLE_STRICT_OBJC_MSGSEND = YES;
				ENABLE_TESTABILITY = YES;
				ENABLE_USER_SCRIPT_SANDBOXING = YES;
				GCC_C_LANGUAGE_STANDARD = gnu17;
				GCC_DYNAMIC_NO_PIC = NO;
				GCC_NO_COMMON_BLOCKS = YES;
				GCC_OPTIMIZATION_LEVEL = 0;
				GCC_PREPROCESSOR_DEFINITIONS = (
					"DEBUG=1",
					"$(inherited)",
				);
				GCC_WARN_64_TO_32_BIT_CONVERSION = YES;
				GCC_WARN_ABOUT_RETURN_TYPE = YES_ERROR;
				GCC_WARN_UNDECLARED_SELECTOR = YES;
				GCC_WARN_UNINITIALIZED_AUTOS = YES_AGGRESSIVE;
				GCC_WARN_UNUSED_FUNCTION = YES;
				GCC_WARN_UNUSED_VARIABLE = YES;
				IPHONEOS_DEPLOYMENT_TARGET = 18.6;
				LOCALIZATION_PREFERS_STRING_CATALOGS = YES;
				MTL_ENABLE_DEBUG_INFO = INCLUDE_SOURCE;
				MTL_FAST_MATH = YES;
				ONLY_ACTIVE_ARCH = YES;
				SDKROOT = iphoneos;
				SWIFT_ACTIVE_COMPILATION_CONDITIONS = "DEBUG $(inherited)";
				SWIFT_OPTIMIZATION_LEVEL = "-Onone";
			};
			name = Debug;
		};
		3F215C732F578B21000684D1 /* Release configuration for PBXProject "Beeflight" */ = {
			isa = XCBuildConfiguration;
			buildSettings = {
				ALWAYS_SEARCH_USER_PATHS = NO;
				ASSETCATALOG_COMPILER_GENERATE_SWIFT_ASSET_SYMBOL_EXTENSIONS = YES;
				CLANG_ANALYZER_NONNULL = YES;
				CLANG_ANALYZER_NUMBER_OBJECT_CONVERSION = YES_AGGRESSIVE;
				CLANG_CXX_LANGUAGE_STANDARD = "gnu++20";
				CLANG_ENABLE_MODULES = YES;
				CLANG_ENABLE_OBJC_ARC = YES;
				CLANG_ENABLE_OBJC_WEAK = YES;
				CLANG_WARN_BLOCK_CAPTURE_AUTORELEASING = YES;
				CLANG_WARN_BOOL_CONVERSION = YES;
				CLANG_WARN_COMMA = YES;
				CLANG_WARN_CONSTANT_CONVERSION = YES;
				CLANG_WARN_DEPRECATED_OBJC_IMPLEMENTATIONS = YES;
				CLANG_WARN_DIRECT_OBJC_ISA_USAGE = YES_ERROR;
				CLANG_WARN_DOCUMENTATION_COMMENTS = YES;
				CLANG_WARN_EMPTY_BODY = YES;
				CLANG_WARN_ENUM_CONVERSION = YES;
				CLANG_WARN_INFINITE_RECURSION = YES;
				CLANG_WARN_INT_CONVERSION = YES;
				CLANG_WARN_NON_LITERAL_NULL_CONVERSION = YES;
				CLANG_WARN_OBJC_IMPLICIT_RETAIN_SELF = YES;
				CLANG_WARN_OBJC_LITERAL_CONVERSION = YES;
				CLANG_WARN_OBJC_ROOT_CLASS = YES_ERROR;
				CLANG_WARN_QUOTED_INCLUDE_IN_FRAMEWORK_HEADER = YES;
				CLANG_WARN_RANGE_LOOP_ANALYSIS = YES;
				CLANG_WARN_STRICT_PROTOTYPES = YES;
				CLANG_WARN_SUSPICIOUS_MOVE = YES;
				CLANG_WARN_UNGUARDED_AVAILABILITY = YES_AGGRESSIVE;
				CLANG_WARN_UNREACHABLE_CODE = YES;
				CLANG_WARN__DUPLICATE_METHOD_MATCH = YES;
				COPY_PHASE_STRIP = NO;
				DEBUG_INFORMATION_FORMAT = "dwarf-with-dsym";
				DEVELOPMENT_TEAM = QQ2W7FVVXM;
				ENABLE_NS_ASSERTIONS = NO;
				ENABLE_STRICT_OBJC_MSGSEND = YES;
				ENABLE_USER_SCRIPT_SANDBOXING = YES;
				GCC_C_LANGUAGE_STANDARD = gnu17;
				GCC_NO_COMMON_BLOCKS = YES;
				GCC_OPTIMIZATION_LEVEL = 3;
				GCC_WARN_64_TO_32_BIT_CONVERSION = YES;
				GCC_WARN_ABOUT_RETURN_TYPE = YES_ERROR;
				GCC_WARN_UNDECLARED_SELECTOR = YES;
				GCC_WARN_UNINITIALIZED_AUTOS = YES_AGGRESSIVE;
				GCC_WARN_UNUSED_FUNCTION = YES;
				GCC_WARN_UNUSED_VARIABLE = YES;
				IPHONEOS_DEPLOYMENT_TARGET = 18.6;
				LOCALIZATION_PREFERS_STRING_CATALOGS = YES;
				MTL_ENABLE_DEBUG_INFO = NO;
				MTL_FAST_MATH = YES;
				SDKROOT = iphoneos;
				SWIFT_COMPILATION_MODE = wholemodule;
				VALIDATE_PRODUCT = YES;
			};
			name = Release;
		};
		3F215C752F578B21000684D1 /* Debug configuration for PBXNativeTarget "Beeflight" */ = {
			isa = XCBuildConfiguration;
			buildSettings = {
				ASSETCATALOG_COMPILER_APPICON_NAME = AppIcon1;
				ASSETCATALOG_COMPILER_GLOBAL_ACCENT_COLOR_NAME = AccentColor;
				CODE_SIGN_STYLE = Automatic;
				CURRENT_PROJECT_VERSION = 1;
				DEVELOPMENT_TEAM = QQ2W7FVVXM;
				ENABLE_PREVIEWS = YES;
				GENERATE_INFOPLIST_FILE = YES;
				INFOPLIST_KEY_CFBundleDisplayName = "BeeSense Debug";
				INFOPLIST_KEY_LSApplicationCategoryType = "public.app-category.travel";
				INFOPLIST_KEY_UIApplicationSceneManifest_Generation = YES;
				INFOPLIST_KEY_UIApplicationSupportsIndirectInputEvents = YES;
				INFOPLIST_KEY_UILaunchScreen_Generation = YES;
				INFOPLIST_KEY_UIStatusBarHidden = NO;
				INFOPLIST_KEY_UIStatusBarStyle = "";
				INFOPLIST_KEY_UISupportedInterfaceOrientations = "UIInterfaceOrientationLandscapeLeft UIInterfaceOrientationLandscapeRight UIInterfaceOrientationPortrait UIInterfaceOrientationPortraitUpsideDown";
				IPHONEOS_DEPLOYMENT_TARGET = 18.6;
				LD_RUNPATH_SEARCH_PATHS = (
					"$(inherited)",
					"@executable_path/Frameworks",
				);
				MARKETING_VERSION = 1.0;
				PRODUCT_BUNDLE_IDENTIFIER = Kaps.Beeflight;
				PRODUCT_NAME = "$(TARGET_NAME)";
				STRING_CATALOG_GENERATE_SYMBOLS = YES;
				SWIFT_APPROACHABLE_CONCURRENCY = YES;
				SWIFT_DEFAULT_ACTOR_ISOLATION = MainActor;
				SWIFT_EMIT_LOC_STRINGS = YES;
				SWIFT_UPCOMING_FEATURE_MEMBER_IMPORT_VISIBILITY = YES;
				SWIFT_VERSION = 5.0;
				TARGETED_DEVICE_FAMILY = "1,2";
			};
			name = Debug;
		};
		3F215C762F578B21000684D1 /* Release configuration for PBXNativeTarget "Beeflight" */ = {
			isa = XCBuildConfiguration;
			buildSettings = {
				ASSETCATALOG_COMPILER_APPICON_NAME = AppIcon1;
				ASSETCATALOG_COMPILER_GLOBAL_ACCENT_COLOR_NAME = AccentColor;
				CODE_SIGN_STYLE = Automatic;
				CURRENT_PROJECT_VERSION = 1;
				DEVELOPMENT_TEAM = QQ2W7FVVXM;
				ENABLE_PREVIEWS = YES;
				GENERATE_INFOPLIST_FILE = YES;
				INFOPLIST_KEY_CFBundleDisplayName = BeeSense;
				"INFOPLIST_KEY_CFBundleDisplayName[sdk=iphoneos*]" = BeeSense;
				INFOPLIST_KEY_LSApplicationCategoryType = "public.app-category.travel";
				INFOPLIST_KEY_UIApplicationSceneManifest_Generation = YES;
				INFOPLIST_KEY_UIApplicationSupportsIndirectInputEvents = YES;
				INFOPLIST_KEY_UILaunchScreen_Generation = YES;
				INFOPLIST_KEY_UIStatusBarHidden = NO;
				INFOPLIST_KEY_UIStatusBarStyle = "";
				INFOPLIST_KEY_UISupportedInterfaceOrientations = "UIInterfaceOrientationLandscapeLeft UIInterfaceOrientationLandscapeRight UIInterfaceOrientationPortrait UIInterfaceOrientationPortraitUpsideDown";
				IPHONEOS_DEPLOYMENT_TARGET = 18.6;
				LD_RUNPATH_SEARCH_PATHS = (
					"$(inherited)",
					"@executable_path/Frameworks",
				);
				MARKETING_VERSION = 1.0;
				PRODUCT_BUNDLE_IDENTIFIER = Kaps.Beeflight;
				PRODUCT_NAME = "$(TARGET_NAME)";
				STRING_CATALOG_GENERATE_SYMBOLS = YES;
				SWIFT_APPROACHABLE_CONCURRENCY = YES;
				SWIFT_DEFAULT_ACTOR_ISOLATION = MainActor;
				SWIFT_EMIT_LOC_STRINGS = YES;
				SWIFT_UPCOMING_FEATURE_MEMBER_IMPORT_VISIBILITY = YES;
				SWIFT_VERSION = 5.0;
				TARGETED_DEVICE_FAMILY = "1,2";
			};
			name = Release;
		};
		3F215C782F578B21000684D1 /* Debug configuration for PBXNativeTarget "BeeflightTests" */ = {
			isa = XCBuildConfiguration;
			buildSettings = {
				BUNDLE_LOADER = "$(TEST_HOST)";
				CODE_SIGN_STYLE = Automatic;
				CURRENT_PROJECT_VERSION = 1;
				DEVELOPMENT_TEAM = QQ2W7FVVXM;
				GENERATE_INFOPLIST_FILE = YES;
				IPHONEOS_DEPLOYMENT_TARGET = 18.6;
				MARKETING_VERSION = 1.0;
				PRODUCT_BUNDLE_IDENTIFIER = Kaps.BeeflightTests;
				PRODUCT_NAME = "$(TARGET_NAME)";
				STRING_CATALOG_GENERATE_SYMBOLS = NO;
				SWIFT_APPROACHABLE_CONCURRENCY = YES;
				SWIFT_EMIT_LOC_STRINGS = NO;
				SWIFT_UPCOMING_FEATURE_MEMBER_IMPORT_VISIBILITY = YES;
				SWIFT_VERSION = 5.0;
				TARGETED_DEVICE_FAMILY = "1,2";
				TEST_HOST = "$(BUILT_PRODUCTS_DIR)/Beeflight.app/$(BUNDLE_EXECUTABLE_FOLDER_PATH)/Beeflight";
			};
			name = Debug;
		};
		3F215C792F578B21000684D1 /* Release configuration for PBXNativeTarget "BeeflightTests" */ = {
			isa = XCBuildConfiguration;
			buildSettings = {
				BUNDLE_LOADER = "$(TEST_HOST)";
				CODE_SIGN_STYLE = Automatic;
				CURRENT_PROJECT_VERSION = 1;
				DEVELOPMENT_TEAM = QQ2W7FVVXM;
				GENERATE_INFOPLIST_FILE = YES;
				IPHONEOS_DEPLOYMENT_TARGET = 18.6;
				MARKETING_VERSION = 1.0;
				PRODUCT_BUNDLE_IDENTIFIER = Kaps.BeeflightTests;
				PRODUCT_NAME = "$(TARGET_NAME)";
				STRING_CATALOG_GENERATE_SYMBOLS = NO;
				SWIFT_APPROACHABLE_CONCURRENCY = YES;
				SWIFT_EMIT_LOC_STRINGS = NO;
				SWIFT_UPCOMING_FEATURE_MEMBER_IMPORT_VISIBILITY = YES;
				SWIFT_VERSION = 5.0;
				TARGETED_DEVICE_FAMILY = "1,2";
				TEST_HOST = "$(BUILT_PRODUCTS_DIR)/Beeflight.app/$(BUNDLE_EXECUTABLE_FOLDER_PATH)/Beeflight";
			};
			name = Release;
		};
		3F215C7B2F578B21000684D1 /* Debug configuration for PBXNativeTarget "BeeflightUITests" */ = {
			isa = XCBuildConfiguration;
			buildSettings = {
				CODE_SIGN_STYLE = Automatic;
				CURRENT_PROJECT_VERSION = 1;
				DEVELOPMENT_TEAM = QQ2W7FVVXM;
				GENERATE_INFOPLIST_FILE = YES;
				MARKETING_VERSION = 1.0;
				PRODUCT_BUNDLE_IDENTIFIER = Kaps.BeeflightUITests;
				PRODUCT_NAME = "$(TARGET_NAME)";
				STRING_CATALOG_GENERATE_SYMBOLS = NO;
				SWIFT_APPROACHABLE_CONCURRENCY = YES;
				SWIFT_EMIT_LOC_STRINGS = NO;
				SWIFT_UPCOMING_FEATURE_MEMBER_IMPORT_VISIBILITY = YES;
				SWIFT_VERSION = 5.0;
				TARGETED_DEVICE_FAMILY = "1,2";
				TEST_TARGET_NAME = Beeflight;
			};
			name = Debug;
		};
		3F215C7C2F578B21000684D1 /* Release configuration for PBXNativeTarget "BeeflightUITests" */ = {
			isa = XCBuildConfiguration;
			buildSettings = {
				CODE_SIGN_STYLE = Automatic;
				CURRENT_PROJECT_VERSION = 1;
				DEVELOPMENT_TEAM = QQ2W7FVVXM;
				GENERATE_INFOPLIST_FILE = YES;
				MARKETING_VERSION = 1.0;
				PRODUCT_BUNDLE_IDENTIFIER = Kaps.BeeflightUITests;
				PRODUCT_NAME = "$(TARGET_NAME)";
				STRING_CATALOG_GENERATE_SYMBOLS = NO;
				SWIFT_APPROACHABLE_CONCURRENCY = YES;
				SWIFT_EMIT_LOC_STRINGS = NO;
				SWIFT_UPCOMING_FEATURE_MEMBER_IMPORT_VISIBILITY = YES;
				SWIFT_VERSION = 5.0;
				TARGETED_DEVICE_FAMILY = "1,2";
				TEST_TARGET_NAME = Beeflight;
			};
			name = Release;
		};
/* End XCBuildConfiguration section */

/* Begin XCConfigurationList section */
		3F215C4C2F578B20000684D1 /* Build configuration list for PBXProject "Beeflight" */ = {
			isa = XCConfigurationList;
			buildConfigurations = (
				3F215C722F578B21000684D1 /* Debug configuration for PBXProject "Beeflight" */,
				3F215C732F578B21000684D1 /* Release configuration for PBXProject "Beeflight" */,
			);
			defaultConfigurationName = Release;
		};
		3F215C742F578B21000684D1 /* Build configuration list for PBXNativeTarget "Beeflight" */ = {
			isa = XCConfigurationList;
			buildConfigurations = (
				3F215C752F578B21000684D1 /* Debug configuration for PBXNativeTarget "Beeflight" */,
				3F215C762F578B21000684D1 /* Release configuration for PBXNativeTarget "Beeflight" */,
			);
			defaultConfigurationName = Release;
		};
		3F215C772F578B21000684D1 /* Build configuration list for PBXNativeTarget "BeeflightTests" */ = {
			isa = XCConfigurationList;
			buildConfigurations = (
				3F215C782F578B21000684D1 /* Debug configuration for PBXNativeTarget "BeeflightTests" */,
				3F215C792F578B21000684D1 /* Release configuration for PBXNativeTarget "BeeflightTests" */,
			);
			defaultConfigurationName = Release;
		};
		3F215C7A2F578B21000684D1 /* Build configuration list for PBXNativeTarget "BeeflightUITests" */ = {
			isa = XCConfigurationList;
			buildConfigurations = (
				3F215C7B2F578B21000684D1 /* Debug configuration for PBXNativeTarget "BeeflightUITests" */,
				3F215C7C2F578B21000684D1 /* Release configuration for PBXNativeTarget "BeeflightUITests" */,
			);
			defaultConfigurationName = Release;
		};
/* End XCConfigurationList section */
	};
	rootObject = 3F215C492F578B20000684D1 /* Project object */;
}
